// !$*UTF8*$!
{
	archiveVersion = 1;
	classes = {
	};
	objectVersion = 46;
	objects = {

/* Begin PBXBuildFile section */
		9D7D79A5151A2EDE00AB7267 /* Foundation.framework in Frameworks */ = {isa = PBXBuildFile; fileRef = 9D7D79A4151A2EDE00AB7267 /* Foundation.framework */; };
		9D7D79B3151A2EDE00AB7267 /* SenTestingKit.framework in Frameworks */ = {isa = PBXBuildFile; fileRef = 9D7D79B2151A2EDE00AB7267 /* SenTestingKit.framework */; };
		9D7D79B5151A2EDE00AB7267 /* UIKit.framework in Frameworks */ = {isa = PBXBuildFile; fileRef = 9D7D79B4151A2EDE00AB7267 /* UIKit.framework */; };
		9D7D79B6151A2EDE00AB7267 /* Foundation.framework in Frameworks */ = {isa = PBXBuildFile; fileRef = 9D7D79A4151A2EDE00AB7267 /* Foundation.framework */; };
		9D7D79B9151A2EDE00AB7267 /* libiOS Validators.a in Frameworks */ = {isa = PBXBuildFile; fileRef = 9D7D79A1151A2EDE00AB7267 /* libiOS Validators.a */; };
		9D7D79BF151A2EDE00AB7267 /* InfoPlist.strings in Resources */ = {isa = PBXBuildFile; fileRef = 9D7D79BD151A2EDE00AB7267 /* InfoPlist.strings */; };
		9D7D79D8151A30F100AB7267 /* VALValidator.h in Headers */ = {isa = PBXBuildFile; fileRef = 9D7D79D2151A30F100AB7267 /* VALValidator.h */; };
		9D7D79D9151A30F100AB7267 /* VALValidator.m in Sources */ = {isa = PBXBuildFile; fileRef = 9D7D79D3151A30F100AB7267 /* VALValidator.m */; };
		9D7D79DA151A30F100AB7267 /* VALValidator.m in Sources */ = {isa = PBXBuildFile; fileRef = 9D7D79D3151A30F100AB7267 /* VALValidator.m */; };
		9D7D79E4151A317200AB7267 /* VALValidatorTests.m in Sources */ = {isa = PBXBuildFile; fileRef = 9D7D79E3151A317200AB7267 /* VALValidatorTests.m */; };
		9D91485C151A32F200C71293 /* VALStringLengthValidator.h in Headers */ = {isa = PBXBuildFile; fileRef = 9D91485A151A32F200C71293 /* VALStringLengthValidator.h */; };
		9D91485D151A32F200C71293 /* VALStringLengthValidator.m in Sources */ = {isa = PBXBuildFile; fileRef = 9D91485B151A32F200C71293 /* VALStringLengthValidator.m */; };
		9D91485E151A32F200C71293 /* VALStringLengthValidator.m in Sources */ = {isa = PBXBuildFile; fileRef = 9D91485B151A32F200C71293 /* VALStringLengthValidator.m */; };
		9D914861151A351700C71293 /* VALStringLengthValidatorTests.m in Sources */ = {isa = PBXBuildFile; fileRef = 9D914860151A351700C71293 /* VALStringLengthValidatorTests.m */; };
		9DA4066C151CEB76009B6BB7 /* VALStringCharacterValidator.h in Headers */ = {isa = PBXBuildFile; fileRef = 9DA4066A151CEB76009B6BB7 /* VALStringCharacterValidator.h */; };
		9DA4066D151CEB76009B6BB7 /* VALStringCharacterValidator.m in Sources */ = {isa = PBXBuildFile; fileRef = 9DA4066B151CEB76009B6BB7 /* VALStringCharacterValidator.m */; };
		9DA40670151CEB85009B6BB7 /* VALStringCharacterValidatorTests.m in Sources */ = {isa = PBXBuildFile; fileRef = 9DA4066F151CEB85009B6BB7 /* VALStringCharacterValidatorTests.m */; };
		9DA40671151CEB8B009B6BB7 /* VALStringCharacterValidator.m in Sources */ = {isa = PBXBuildFile; fileRef = 9DA4066B151CEB76009B6BB7 /* VALStringCharacterValidator.m */; };
		9DA40674151CF4C5009B6BB7 /* VALStringValidator.h in Headers */ = {isa = PBXBuildFile; fileRef = 9DA40672151CF4C5009B6BB7 /* VALStringValidator.h */; };
		9DA40675151CF4C5009B6BB7 /* VALStringValidator.m in Sources */ = {isa = PBXBuildFile; fileRef = 9DA40673151CF4C5009B6BB7 /* VALStringValidator.m */; };
/* End PBXBuildFile section */

/* Begin PBXContainerItemProxy section */
		9D7D79B7151A2EDE00AB7267 /* PBXContainerItemProxy */ = {
			isa = PBXContainerItemProxy;
			containerPortal = 9D7D7998151A2EDE00AB7267 /* Project object */;
			proxyType = 1;
			remoteGlobalIDString = 9D7D79A0151A2EDE00AB7267;
			remoteInfo = "iOS Validators";
		};
/* End PBXContainerItemProxy section */

/* Begin PBXFileReference section */
		9D7D79A1151A2EDE00AB7267 /* libiOS Validators.a */ = {isa = PBXFileReference; explicitFileType = archive.ar; includeInIndex = 0; path = "libiOS Validators.a"; sourceTree = BUILT_PRODUCTS_DIR; };
		9D7D79A4151A2EDE00AB7267 /* Foundation.framework */ = {isa = PBXFileReference; lastKnownFileType = wrapper.framework; name = Foundation.framework; path = System/Library/Frameworks/Foundation.framework; sourceTree = SDKROOT; };
		9D7D79A8151A2EDE00AB7267 /* iOS Validators-Prefix.pch */ = {isa = PBXFileReference; lastKnownFileType = sourcecode.c.h; path = "iOS Validators-Prefix.pch"; sourceTree = "<group>"; };
		9D7D79B1151A2EDE00AB7267 /* iOS ValidatorsTests.octest */ = {isa = PBXFileReference; explicitFileType = wrapper.cfbundle; includeInIndex = 0; path = "iOS ValidatorsTests.octest"; sourceTree = BUILT_PRODUCTS_DIR; };
		9D7D79B2151A2EDE00AB7267 /* SenTestingKit.framework */ = {isa = PBXFileReference; lastKnownFileType = wrapper.framework; name = SenTestingKit.framework; path = Library/Frameworks/SenTestingKit.framework; sourceTree = DEVELOPER_DIR; };
		9D7D79B4151A2EDE00AB7267 /* UIKit.framework */ = {isa = PBXFileReference; lastKnownFileType = wrapper.framework; name = UIKit.framework; path = Library/Frameworks/UIKit.framework; sourceTree = DEVELOPER_DIR; };
		9D7D79BC151A2EDE00AB7267 /* iOS ValidatorsTests-Info.plist */ = {isa = PBXFileReference; lastKnownFileType = text.plist.xml; path = "iOS ValidatorsTests-Info.plist"; sourceTree = "<group>"; };
		9D7D79BE151A2EDE00AB7267 /* en */ = {isa = PBXFileReference; lastKnownFileType = text.plist.strings; name = en; path = en.lproj/InfoPlist.strings; sourceTree = "<group>"; };
		9D7D79D2151A30F100AB7267 /* VALValidator.h */ = {isa = PBXFileReference; fileEncoding = 4; lastKnownFileType = sourcecode.c.h; path = VALValidator.h; sourceTree = "<group>"; };
		9D7D79D3151A30F100AB7267 /* VALValidator.m */ = {isa = PBXFileReference; fileEncoding = 4; lastKnownFileType = sourcecode.c.objc; path = VALValidator.m; sourceTree = "<group>"; };
		9D7D79E2151A317200AB7267 /* VALValidatorTests.h */ = {isa = PBXFileReference; fileEncoding = 4; lastKnownFileType = sourcecode.c.h; path = VALValidatorTests.h; sourceTree = "<group>"; };
		9D7D79E3151A317200AB7267 /* VALValidatorTests.m */ = {isa = PBXFileReference; fileEncoding = 4; lastKnownFileType = sourcecode.c.objc; path = VALValidatorTests.m; sourceTree = "<group>"; };
		9D91485A151A32F200C71293 /* VALStringLengthValidator.h */ = {isa = PBXFileReference; fileEncoding = 4; lastKnownFileType = sourcecode.c.h; path = VALStringLengthValidator.h; sourceTree = "<group>"; };
		9D91485B151A32F200C71293 /* VALStringLengthValidator.m */ = {isa = PBXFileReference; fileEncoding = 4; lastKnownFileType = sourcecode.c.objc; path = VALStringLengthValidator.m; sourceTree = "<group>"; };
		9D91485F151A351700C71293 /* VALStringLengthValidatorTests.h */ = {isa = PBXFileReference; fileEncoding = 4; lastKnownFileType = sourcecode.c.h; path = VALStringLengthValidatorTests.h; sourceTree = "<group>"; };
		9D914860151A351700C71293 /* VALStringLengthValidatorTests.m */ = {isa = PBXFileReference; fileEncoding = 4; lastKnownFileType = sourcecode.c.objc; path = VALStringLengthValidatorTests.m; sourceTree = "<group>"; };
		9DA4066A151CEB76009B6BB7 /* VALStringCharacterValidator.h */ = {isa = PBXFileReference; fileEncoding = 4; lastKnownFileType = sourcecode.c.h; path = VALStringCharacterValidator.h; sourceTree = "<group>"; };
		9DA4066B151CEB76009B6BB7 /* VALStringCharacterValidator.m */ = {isa = PBXFileReference; fileEncoding = 4; lastKnownFileType = sourcecode.c.objc; path = VALStringCharacterValidator.m; sourceTree = "<group>"; };
		9DA4066E151CEB85009B6BB7 /* VALStringCharacterValidatorTests.h */ = {isa = PBXFileReference; fileEncoding = 4; lastKnownFileType = sourcecode.c.h; path = VALStringCharacterValidatorTests.h; sourceTree = "<group>"; };
		9DA4066F151CEB85009B6BB7 /* VALStringCharacterValidatorTests.m */ = {isa = PBXFileReference; fileEncoding = 4; lastKnownFileType = sourcecode.c.objc; path = VALStringCharacterValidatorTests.m; sourceTree = "<group>"; };
		9DA40672151CF4C5009B6BB7 /* VALStringValidator.h */ = {isa = PBXFileReference; fileEncoding = 4; lastKnownFileType = sourcecode.c.h; path = VALStringValidator.h; sourceTree = "<group>"; };
		9DA40673151CF4C5009B6BB7 /* VALStringValidator.m */ = {isa = PBXFileReference; fileEncoding = 4; lastKnownFileType = sourcecode.c.objc; path = VALStringValidator.m; sourceTree = "<group>"; };
/* End PBXFileReference section */

/* Begin PBXFrameworksBuildPhase section */
		9D7D799E151A2EDE00AB7267 /* Frameworks */ = {
			isa = PBXFrameworksBuildPhase;
			buildActionMask = 2147483647;
			files = (
				9D7D79A5151A2EDE00AB7267 /* Foundation.framework in Frameworks */,
			);
			runOnlyForDeploymentPostprocessing = 0;
		};
		9D7D79AD151A2EDE00AB7267 /* Frameworks */ = {
			isa = PBXFrameworksBuildPhase;
			buildActionMask = 2147483647;
			files = (
				9D7D79B3151A2EDE00AB7267 /* SenTestingKit.framework in Frameworks */,
				9D7D79B5151A2EDE00AB7267 /* UIKit.framework in Frameworks */,
				9D7D79B6151A2EDE00AB7267 /* Foundation.framework in Frameworks */,
				9D7D79B9151A2EDE00AB7267 /* libiOS Validators.a in Frameworks */,
			);
			runOnlyForDeploymentPostprocessing = 0;
		};
/* End PBXFrameworksBuildPhase section */

/* Begin PBXGroup section */
		9D7D7996151A2EDE00AB7267 = {
			isa = PBXGroup;
			children = (
				9D7D79A6151A2EDE00AB7267 /* iOS Validators */,
				9D7D79BA151A2EDE00AB7267 /* iOS ValidatorsTests */,
				9D7D79A3151A2EDE00AB7267 /* Frameworks */,
				9D7D79A2151A2EDE00AB7267 /* Products */,
			);
			sourceTree = "<group>";
		};
		9D7D79A2151A2EDE00AB7267 /* Products */ = {
			isa = PBXGroup;
			children = (
				9D7D79A1151A2EDE00AB7267 /* libiOS Validators.a */,
				9D7D79B1151A2EDE00AB7267 /* iOS ValidatorsTests.octest */,
			);
			name = Products;
			sourceTree = "<group>";
		};
		9D7D79A3151A2EDE00AB7267 /* Frameworks */ = {
			isa = PBXGroup;
			children = (
				9D7D79A4151A2EDE00AB7267 /* Foundation.framework */,
				9D7D79B2151A2EDE00AB7267 /* SenTestingKit.framework */,
				9D7D79B4151A2EDE00AB7267 /* UIKit.framework */,
			);
			name = Frameworks;
			sourceTree = "<group>";
		};
		9D7D79A6151A2EDE00AB7267 /* iOS Validators */ = {
			isa = PBXGroup;
			children = (
				9D7D79CB151A306500AB7267 /* Classes */,
				9D7D79A7151A2EDE00AB7267 /* Supporting Files */,
			);
			path = "iOS Validators";
			sourceTree = "<group>";
		};
		9D7D79A7151A2EDE00AB7267 /* Supporting Files */ = {
			isa = PBXGroup;
			children = (
				9D7D79A8151A2EDE00AB7267 /* iOS Validators-Prefix.pch */,
			);
			name = "Supporting Files";
			sourceTree = "<group>";
		};
		9D7D79BA151A2EDE00AB7267 /* iOS ValidatorsTests */ = {
			isa = PBXGroup;
			children = (
				9D7D79DB151A315300AB7267 /* Tests */,
				9D7D79BB151A2EDE00AB7267 /* Supporting Files */,
			);
			path = "iOS ValidatorsTests";
			sourceTree = "<group>";
		};
		9D7D79BB151A2EDE00AB7267 /* Supporting Files */ = {
			isa = PBXGroup;
			children = (
				9D7D79BC151A2EDE00AB7267 /* iOS ValidatorsTests-Info.plist */,
				9D7D79BD151A2EDE00AB7267 /* InfoPlist.strings */,
			);
			name = "Supporting Files";
			sourceTree = "<group>";
		};
		9D7D79CB151A306500AB7267 /* Classes */ = {
			isa = PBXGroup;
			children = (
				9D7D79D0151A30F100AB7267 /* Arrays */,
				9D7D79D1151A30F100AB7267 /* Core */,
				9D7D79D4151A30F100AB7267 /* Dictionaries */,
				9D7D79D5151A30F100AB7267 /* Numbers */,
				9D7D79D6151A30F100AB7267 /* Sets */,
				9D7D79D7151A30F100AB7267 /* Strings */,
			);
			path = Classes;
			sourceTree = "<group>";
		};
		9D7D79D0151A30F100AB7267 /* Arrays */ = {
			isa = PBXGroup;
			children = (
			);
			path = Arrays;
			sourceTree = "<group>";
		};
		9D7D79D1151A30F100AB7267 /* Core */ = {
			isa = PBXGroup;
			children = (
				9D7D79D2151A30F100AB7267 /* VALValidator.h */,
				9D7D79D3151A30F100AB7267 /* VALValidator.m */,
			);
			path = Core;
			sourceTree = "<group>";
		};
		9D7D79D4151A30F100AB7267 /* Dictionaries */ = {
			isa = PBXGroup;
			children = (
			);
			path = Dictionaries;
			sourceTree = "<group>";
		};
		9D7D79D5151A30F100AB7267 /* Numbers */ = {
			isa = PBXGroup;
			children = (
			);
			path = Numbers;
			sourceTree = "<group>";
		};
		9D7D79D6151A30F100AB7267 /* Sets */ = {
			isa = PBXGroup;
			children = (
			);
			path = Sets;
			sourceTree = "<group>";
		};
		9D7D79D7151A30F100AB7267 /* Strings */ = {
			isa = PBXGroup;
			children = (
				9DA40672151CF4C5009B6BB7 /* VALStringValidator.h */,
				9DA40673151CF4C5009B6BB7 /* VALStringValidator.m */,
				9D91485A151A32F200C71293 /* VALStringLengthValidator.h */,
				9D91485B151A32F200C71293 /* VALStringLengthValidator.m */,
				9DA4066A151CEB76009B6BB7 /* VALStringCharacterValidator.h */,
				9DA4066B151CEB76009B6BB7 /* VALStringCharacterValidator.m */,
			);
			path = Strings;
			sourceTree = "<group>";
		};
		9D7D79DB151A315300AB7267 /* Tests */ = {
			isa = PBXGroup;
			children = (
				9D7D79DC151A315300AB7267 /* Arrays */,
				9D7D79DD151A315300AB7267 /* Core */,
				9D7D79DE151A315300AB7267 /* Dictionaries */,
				9D7D79DF151A315300AB7267 /* Numbers */,
				9D7D79E0151A315300AB7267 /* Sets */,
				9D7D79E1151A315300AB7267 /* Strings */,
			);
			path = Tests;
			sourceTree = "<group>";
		};
		9D7D79DC151A315300AB7267 /* Arrays */ = {
			isa = PBXGroup;
			children = (
			);
			path = Arrays;
			sourceTree = "<group>";
		};
		9D7D79DD151A315300AB7267 /* Core */ = {
			isa = PBXGroup;
			children = (
				9D7D79E2151A317200AB7267 /* VALValidatorTests.h */,
				9D7D79E3151A317200AB7267 /* VALValidatorTests.m */,
			);
			path = Core;
			sourceTree = "<group>";
		};
		9D7D79DE151A315300AB7267 /* Dictionaries */ = {
			isa = PBXGroup;
			children = (
			);
			path = Dictionaries;
			sourceTree = "<group>";
		};
		9D7D79DF151A315300AB7267 /* Numbers */ = {
			isa = PBXGroup;
			children = (
			);
			path = Numbers;
			sourceTree = "<group>";
		};
		9D7D79E0151A315300AB7267 /* Sets */ = {
			isa = PBXGroup;
			children = (
			);
			path = Sets;
			sourceTree = "<group>";
		};
		9D7D79E1151A315300AB7267 /* Strings */ = {
			isa = PBXGroup;
			children = (
				9D91485F151A351700C71293 /* VALStringLengthValidatorTests.h */,
				9D914860151A351700C71293 /* VALStringLengthValidatorTests.m */,
				9DA4066E151CEB85009B6BB7 /* VALStringCharacterValidatorTests.h */,
				9DA4066F151CEB85009B6BB7 /* VALStringCharacterValidatorTests.m */,
			);
			path = Strings;
			sourceTree = "<group>";
		};
/* End PBXGroup section */

/* Begin PBXHeadersBuildPhase section */
		9D7D799F151A2EDE00AB7267 /* Headers */ = {
			isa = PBXHeadersBuildPhase;
			buildActionMask = 2147483647;
			files = (
				9D7D79D8151A30F100AB7267 /* VALValidator.h in Headers */,
				9D91485C151A32F200C71293 /* VALStringLengthValidator.h in Headers */,
				9DA4066C151CEB76009B6BB7 /* VALStringCharacterValidator.h in Headers */,
				9DA40674151CF4C5009B6BB7 /* VALStringValidator.h in Headers */,
			);
			runOnlyForDeploymentPostprocessing = 0;
		};
/* End PBXHeadersBuildPhase section */

/* Begin PBXNativeTarget section */
		9D7D79A0151A2EDE00AB7267 /* iOS Validators */ = {
			isa = PBXNativeTarget;
			buildConfigurationList = 9D7D79C5151A2EDE00AB7267 /* Build configuration list for PBXNativeTarget "iOS Validators" */;
			buildPhases = (
				9D7D799D151A2EDE00AB7267 /* Sources */,
				9D7D799E151A2EDE00AB7267 /* Frameworks */,
				9D7D799F151A2EDE00AB7267 /* Headers */,
			);
			buildRules = (
			);
			dependencies = (
			);
			name = "iOS Validators";
			productName = "iOS Validators";
			productReference = 9D7D79A1151A2EDE00AB7267 /* libiOS Validators.a */;
			productType = "com.apple.product-type.library.static";
		};
		9D7D79B0151A2EDE00AB7267 /* iOS ValidatorsTests */ = {
			isa = PBXNativeTarget;
			buildConfigurationList = 9D7D79C8151A2EDE00AB7267 /* Build configuration list for PBXNativeTarget "iOS ValidatorsTests" */;
			buildPhases = (
				9D7D79AC151A2EDE00AB7267 /* Sources */,
				9D7D79AD151A2EDE00AB7267 /* Frameworks */,
				9D7D79AE151A2EDE00AB7267 /* Resources */,
				9D7D79AF151A2EDE00AB7267 /* ShellScript */,
			);
			buildRules = (
			);
			dependencies = (
				9D7D79B8151A2EDE00AB7267 /* PBXTargetDependency */,
			);
			name = "iOS ValidatorsTests";
			productName = "iOS ValidatorsTests";
			productReference = 9D7D79B1151A2EDE00AB7267 /* iOS ValidatorsTests.octest */;
			productType = "com.apple.product-type.bundle";
		};
/* End PBXNativeTarget section */

/* Begin PBXProject section */
		9D7D7998151A2EDE00AB7267 /* Project object */ = {
			isa = PBXProject;
			attributes = {
				LastUpgradeCheck = 0430;
				ORGANIZATIONNAME = "Pixolity Ltd.";
			};
			buildConfigurationList = 9D7D799B151A2EDE00AB7267 /* Build configuration list for PBXProject "iOS Validators" */;
			compatibilityVersion = "Xcode 3.2";
			developmentRegion = English;
			hasScannedForEncodings = 0;
			knownRegions = (
				en,
			);
			mainGroup = 9D7D7996151A2EDE00AB7267;
			productRefGroup = 9D7D79A2151A2EDE00AB7267 /* Products */;
			projectDirPath = "";
			projectRoot = "";
			targets = (
				9D7D79A0151A2EDE00AB7267 /* iOS Validators */,
				9D7D79B0151A2EDE00AB7267 /* iOS ValidatorsTests */,
			);
		};
/* End PBXProject section */

/* Begin PBXResourcesBuildPhase section */
		9D7D79AE151A2EDE00AB7267 /* Resources */ = {
			isa = PBXResourcesBuildPhase;
			buildActionMask = 2147483647;
			files = (
				9D7D79BF151A2EDE00AB7267 /* InfoPlist.strings in Resources */,
			);
			runOnlyForDeploymentPostprocessing = 0;
		};
/* End PBXResourcesBuildPhase section */

/* Begin PBXShellScriptBuildPhase section */
		9D7D79AF151A2EDE00AB7267 /* ShellScript */ = {
			isa = PBXShellScriptBuildPhase;
			buildActionMask = 2147483647;
			files = (
			);
			inputPaths = (
			);
			outputPaths = (
			);
			runOnlyForDeploymentPostprocessing = 0;
			shellPath = /bin/sh;
			shellScript = "# Run the unit tests in this test bundle.\n\"${SYSTEM_DEVELOPER_DIR}/Tools/RunUnitTests\"\n";
		};
/* End PBXShellScriptBuildPhase section */

/* Begin PBXSourcesBuildPhase section */
		9D7D799D151A2EDE00AB7267 /* Sources */ = {
			isa = PBXSourcesBuildPhase;
			buildActionMask = 2147483647;
			files = (
				9D7D79D9151A30F100AB7267 /* VALValidator.m in Sources */,
				9D91485D151A32F200C71293 /* VALStringLengthValidator.m in Sources */,
				9DA4066D151CEB76009B6BB7 /* VALStringCharacterValidator.m in Sources */,
				9DA40675151CF4C5009B6BB7 /* VALStringValidator.m in Sources */,
			);
			runOnlyForDeploymentPostprocessing = 0;
		};
		9D7D79AC151A2EDE00AB7267 /* Sources */ = {
			isa = PBXSourcesBuildPhase;
			buildActionMask = 2147483647;
			files = (
				9D7D79DA151A30F100AB7267 /* VALValidator.m in Sources */,
				9D7D79E4151A317200AB7267 /* VALValidatorTests.m in Sources */,
				9D91485E151A32F200C71293 /* VALStringLengthValidator.m in Sources */,
				9D914861151A351700C71293 /* VALStringLengthValidatorTests.m in Sources */,
				9DA40670151CEB85009B6BB7 /* VALStringCharacterValidatorTests.m in Sources */,
				9DA40671151CEB8B009B6BB7 /* VALStringCharacterValidator.m in Sources */,
			);
			runOnlyForDeploymentPostprocessing = 0;
		};
/* End PBXSourcesBuildPhase section */

/* Begin PBXTargetDependency section */
		9D7D79B8151A2EDE00AB7267 /* PBXTargetDependency */ = {
			isa = PBXTargetDependency;
			target = 9D7D79A0151A2EDE00AB7267 /* iOS Validators */;
			targetProxy = 9D7D79B7151A2EDE00AB7267 /* PBXContainerItemProxy */;
		};
/* End PBXTargetDependency section */

/* Begin PBXVariantGroup section */
		9D7D79BD151A2EDE00AB7267 /* InfoPlist.strings */ = {
			isa = PBXVariantGroup;
			children = (
				9D7D79BE151A2EDE00AB7267 /* en */,
			);
			name = InfoPlist.strings;
			sourceTree = "<group>";
		};
/* End PBXVariantGroup section */

/* Begin XCBuildConfiguration section */
		9D7D79C3151A2EDE00AB7267 /* Debug */ = {
			isa = XCBuildConfiguration;
			buildSettings = {
				ALWAYS_SEARCH_USER_PATHS = NO;
				ARCHS = "$(ARCHS_STANDARD_32_BIT)";
				CLANG_ENABLE_OBJC_ARC = YES;
				COPY_PHASE_STRIP = NO;
				GCC_C_LANGUAGE_STANDARD = gnu99;
				GCC_DYNAMIC_NO_PIC = NO;
				GCC_OPTIMIZATION_LEVEL = 0;
				GCC_PREPROCESSOR_DEFINITIONS = (
					"DEBUG=1",
					"$(inherited)",
				);
				GCC_SYMBOLS_PRIVATE_EXTERN = NO;
				GCC_VERSION = com.apple.compilers.llvm.clang.1_0;
				GCC_WARN_ABOUT_RETURN_TYPE = YES;
				GCC_WARN_UNINITIALIZED_AUTOS = YES;
				GCC_WARN_UNUSED_VARIABLE = YES;
				IPHONEOS_DEPLOYMENT_TARGET = 5.1;
				SDKROOT = iphoneos;
			};
			name = Debug;
		};
		9D7D79C4151A2EDE00AB7267 /* Release */ = {
			isa = XCBuildConfiguration;
			buildSettings = {
				ALWAYS_SEARCH_USER_PATHS = NO;
				ARCHS = "$(ARCHS_STANDARD_32_BIT)";
				CLANG_ENABLE_OBJC_ARC = YES;
				COPY_PHASE_STRIP = YES;
				GCC_C_LANGUAGE_STANDARD = gnu99;
				GCC_VERSION = com.apple.compilers.llvm.clang.1_0;
				GCC_WARN_ABOUT_RETURN_TYPE = YES;
				GCC_WARN_UNINITIALIZED_AUTOS = YES;
				GCC_WARN_UNUSED_VARIABLE = YES;
				IPHONEOS_DEPLOYMENT_TARGET = 5.1;
				SDKROOT = iphoneos;
				VALIDATE_PRODUCT = YES;
			};
			name = Release;
		};
		9D7D79C6151A2EDE00AB7267 /* Debug */ = {
			isa = XCBuildConfiguration;
			buildSettings = {
				DSTROOT = /tmp/iOS_Validators.dst;
				GCC_PRECOMPILE_PREFIX_HEADER = YES;
				GCC_PREFIX_HEADER = "iOS Validators/iOS Validators-Prefix.pch";
				OTHER_LDFLAGS = "-ObjC";
				PRODUCT_NAME = "$(TARGET_NAME)";
				SKIP_INSTALL = YES;
			};
			name = Debug;
		};
		9D7D79C7151A2EDE00AB7267 /* Release */ = {
			isa = XCBuildConfiguration;
			buildSettings = {
				DSTROOT = /tmp/iOS_Validators.dst;
				GCC_PRECOMPILE_PREFIX_HEADER = YES;
				GCC_PREFIX_HEADER = "iOS Validators/iOS Validators-Prefix.pch";
				OTHER_LDFLAGS = "-ObjC";
				PRODUCT_NAME = "$(TARGET_NAME)";
				SKIP_INSTALL = YES;
			};
			name = Release;
		};
		9D7D79C9151A2EDE00AB7267 /* Debug */ = {
			isa = XCBuildConfiguration;
			buildSettings = {
				FRAMEWORK_SEARCH_PATHS = (
					"$(SDKROOT)/Developer/Library/Frameworks",
					"$(DEVELOPER_LIBRARY_DIR)/Frameworks",
				);
				GCC_PRECOMPILE_PREFIX_HEADER = YES;
				GCC_PREFIX_HEADER = "iOS Validators/iOS Validators-Prefix.pch";
				INFOPLIST_FILE = "iOS ValidatorsTests/iOS ValidatorsTests-Info.plist";
				PRODUCT_NAME = "$(TARGET_NAME)";
				WRAPPER_EXTENSION = octest;
			};
			name = Debug;
		};
		9D7D79CA151A2EDE00AB7267 /* Release */ = {
			isa = XCBuildConfiguration;
			buildSettings = {
				FRAMEWORK_SEARCH_PATHS = (
					"$(SDKROOT)/Developer/Library/Frameworks",
					"$(DEVELOPER_LIBRARY_DIR)/Frameworks",
				);
				GCC_PRECOMPILE_PREFIX_HEADER = YES;
				GCC_PREFIX_HEADER = "iOS Validators/iOS Validators-Prefix.pch";
				INFOPLIST_FILE = "iOS ValidatorsTests/iOS ValidatorsTests-Info.plist";
				PRODUCT_NAME = "$(TARGET_NAME)";
				WRAPPER_EXTENSION = octest;
			};
			name = Release;
		};
/* End XCBuildConfiguration section */

/* Begin XCConfigurationList section */
		9D7D799B151A2EDE00AB7267 /* Build configuration list for PBXProject "iOS Validators" */ = {
			isa = XCConfigurationList;
			buildConfigurations = (
				9D7D79C3151A2EDE00AB7267 /* Debug */,
				9D7D79C4151A2EDE00AB7267 /* Release */,
			);
			defaultConfigurationIsVisible = 0;
			defaultConfigurationName = Release;
		};
		9D7D79C5151A2EDE00AB7267 /* Build configuration list for PBXNativeTarget "iOS Validators" */ = {
			isa = XCConfigurationList;
			buildConfigurations = (
				9D7D79C6151A2EDE00AB7267 /* Debug */,
				9D7D79C7151A2EDE00AB7267 /* Release */,
			);
			defaultConfigurationIsVisible = 0;
			defaultConfigurationName = Release;
		};
		9D7D79C8151A2EDE00AB7267 /* Build configuration list for PBXNativeTarget "iOS ValidatorsTests" */ = {
			isa = XCConfigurationList;
			buildConfigurations = (
				9D7D79C9151A2EDE00AB7267 /* Debug */,
				9D7D79CA151A2EDE00AB7267 /* Release */,
			);
			defaultConfigurationIsVisible = 0;
			defaultConfigurationName = Release;
		};
/* End XCConfigurationList section */
	};
	rootObject = 9D7D7998151A2EDE00AB7267 /* Project object */;
}
